
Microsoft Visual Studio Solution File, Format Version 12.00
# Visual Studio Version 17
VisualStudioVersion = 17.2.32630.192
MinimumVisualStudioVersion = 10.0.40219.1
Project("{FAE04EC0-301F-11D3-BF4B-00C04F79EFBC}") = "MinAWebAPI", "MinAWebAPI\MinAWebAPI.csproj", "{F1A39F9D-8263-4D89-8AEF-83D691DED98C}"
EndProject
Global
	GlobalSection(SolutionConfigurationPlatforms) = preSolution
		Debug|Any CPU = Debug|Any CPU
		Release|Any CPU = Release|Any CPU
	EndGlobalSection
	GlobalSection(ProjectConfigurationPlatforms) = postSolution
		{F1A39F9D-8263-4D89-8AEF-83D691DED98C}.Debug|Any CPU.ActiveCfg = Debug|Any CPU
		{F1A39F9D-8263-4D89-8AEF-83D691DED98C}.Debug|Any CPU.Build.0 = Debug|Any CPU
		{F1A39F9D-8263-4D89-8AEF-83D691DED98C}.Release|Any CPU.ActiveCfg = Release|Any CPU
		{F1A39F9D-8263-4D89-8AEF-83D691DED98C}.Release|Any CPU.Build.0 = Release|Any CPU
	EndGlobalSection
	GlobalSection(SolutionProperties) = preSolution
		HideSolutionNode = FALSE
	EndGlobalSection
	GlobalSection(ExtensibilityGlobals) = postSolution
		SolutionGuid = {C08D53CD-1E4D-4F3C-9A52-3A4F9B5858AD}
	EndGlobalSection
EndGlobal
